// !$*UTF8*$!
{
	archiveVersion = 1;
	classes = {
	};
	objectVersion = 48;
	objects = {

/* Begin PBXBuildFile section */
		10443F751FFFB994000571B2 /* AppDelegate.swift in Sources */ = {isa = PBXBuildFile; fileRef = 10443F741FFFB994000571B2 /* AppDelegate.swift */; };
		10443F771FFFB994000571B2 /* art.scnassets in Resources */ = {isa = PBXBuildFile; fileRef = 10443F761FFFB994000571B2 /* art.scnassets */; };
		10443F791FFFB994000571B2 /* RampPlacerVC.swift in Sources */ = {isa = PBXBuildFile; fileRef = 10443F781FFFB994000571B2 /* RampPlacerVC.swift */; };
		10443F7C1FFFB994000571B2 /* Main.storyboard in Resources */ = {isa = PBXBuildFile; fileRef = 10443F7A1FFFB994000571B2 /* Main.storyboard */; };
		10443F7E1FFFB994000571B2 /* Assets.xcassets in Resources */ = {isa = PBXBuildFile; fileRef = 10443F7D1FFFB994000571B2 /* Assets.xcassets */; };
		10443F811FFFB994000571B2 /* LaunchScreen.storyboard in Resources */ = {isa = PBXBuildFile; fileRef = 10443F7F1FFFB994000571B2 /* LaunchScreen.storyboard */; };
		10443F8A1FFFC21C000571B2 /* RampPickerVC.swift in Sources */ = {isa = PBXBuildFile; fileRef = 10443F891FFFC21B000571B2 /* RampPickerVC.swift */; };
/* End PBXBuildFile section */

/* Begin PBXFileReference section */
		10443F711FFFB994000571B2 /* RampUp.app */ = {isa = PBXFileReference; explicitFileType = wrapper.application; includeInIndex = 0; path = RampUp.app; sourceTree = BUILT_PRODUCTS_DIR; };
		10443F741FFFB994000571B2 /* AppDelegate.swift */ = {isa = PBXFileReference; lastKnownFileType = sourcecode.swift; path = AppDelegate.swift; sourceTree = "<group>"; };
		10443F761FFFB994000571B2 /* art.scnassets */ = {isa = PBXFileReference; lastKnownFileType = wrapper.scnassets; path = art.scnassets; sourceTree = "<group>"; };
		10443F781FFFB994000571B2 /* RampPlacerVC.swift */ = {isa = PBXFileReference; lastKnownFileType = sourcecode.swift; path = RampPlacerVC.swift; sourceTree = "<group>"; };
		10443F7B1FFFB994000571B2 /* Base */ = {isa = PBXFileReference; lastKnownFileType = file.storyboard; name = Base; path = Base.lproj/Main.storyboard; sourceTree = "<group>"; };
		10443F7D1FFFB994000571B2 /* Assets.xcassets */ = {isa = PBXFileReference; lastKnownFileType = folder.assetcatalog; path = Assets.xcassets; sourceTree = "<group>"; };
		10443F801FFFB994000571B2 /* Base */ = {isa = PBXFileReference; lastKnownFileType = file.storyboard; name = Base; path = Base.lproj/LaunchScreen.storyboard; sourceTree = "<group>"; };
		10443F821FFFB994000571B2 /* Info.plist */ = {isa = PBXFileReference; lastKnownFileType = text.plist.xml; path = Info.plist; sourceTree = "<group>"; };
		10443F891FFFC21B000571B2 /* RampPickerVC.swift */ = {isa = PBXFileReference; lastKnownFileType = sourcecode.swift; path = RampPickerVC.swift; sourceTree = "<group>"; };
/* End PBXFileReference section */

/* Begin PBXFrameworksBuildPhase section */
		10443F6E1FFFB994000571B2 /* Frameworks */ = {
			isa = PBXFrameworksBuildPhase;
			buildActionMask = 2147483647;
			files = (
			);
			runOnlyForDeploymentPostprocessing = 0;
		};
/* End PBXFrameworksBuildPhase section */

/* Begin PBXGroup section */
		10443F681FFFB994000571B2 = {
			isa = PBXGroup;
			children = (
				10443F731FFFB994000571B2 /* RampUp */,
				10443F721FFFB994000571B2 /* Products */,
			);
			sourceTree = "<group>";
		};
		10443F721FFFB994000571B2 /* Products */ = {
			isa = PBXGroup;
			children = (
				10443F711FFFB994000571B2 /* RampUp.app */,
			);
			name = Products;
			sourceTree = "<group>";
		};
		10443F731FFFB994000571B2 /* RampUp */ = {
			isa = PBXGroup;
			children = (
				10443F881FFFBA8C000571B2 /* Controller */,
				10443F741FFFB994000571B2 /* AppDelegate.swift */,
				10443F761FFFB994000571B2 /* art.scnassets */,
				10443F7A1FFFB994000571B2 /* Main.storyboard */,
				10443F7D1FFFB994000571B2 /* Assets.xcassets */,
				10443F7F1FFFB994000571B2 /* LaunchScreen.storyboard */,
				10443F821FFFB994000571B2 /* Info.plist */,
			);
			path = RampUp;
			sourceTree = "<group>";
		};
		10443F881FFFBA8C000571B2 /* Controller */ = {
			isa = PBXGroup;
			children = (
				10443F781FFFB994000571B2 /* RampPlacerVC.swift */,
				10443F891FFFC21B000571B2 /* RampPickerVC.swift */,
			);
			path = Controller;
			sourceTree = "<group>";
		};
/* End PBXGroup section */

/* Begin PBXNativeTarget section */
		10443F701FFFB994000571B2 /* RampUp */ = {
			isa = PBXNativeTarget;
			buildConfigurationList = 10443F851FFFB994000571B2 /* Build configuration list for PBXNativeTarget "RampUp" */;
			buildPhases = (
				10443F6D1FFFB994000571B2 /* Sources */,
				10443F6E1FFFB994000571B2 /* Frameworks */,
				10443F6F1FFFB994000571B2 /* Resources */,
			);
			buildRules = (
			);
			dependencies = (
			);
			name = RampUp;
			productName = RampUp;
			productReference = 10443F711FFFB994000571B2 /* RampUp.app */;
			productType = "com.apple.product-type.application";
		};
/* End PBXNativeTarget section */

/* Begin PBXProject section */
		10443F691FFFB994000571B2 /* Project object */ = {
			isa = PBXProject;
			attributes = {
				LastSwiftUpdateCheck = 0920;
				LastUpgradeCheck = 0920;
				ORGANIZATIONNAME = "Hayden Jamieson";
				TargetAttributes = {
					10443F701FFFB994000571B2 = {
						CreatedOnToolsVersion = 9.2;
						ProvisioningStyle = Automatic;
					};
				};
			};
			buildConfigurationList = 10443F6C1FFFB994000571B2 /* Build configuration list for PBXProject "RampUp" */;
			compatibilityVersion = "Xcode 8.0";
			developmentRegion = en;
			hasScannedForEncodings = 0;
			knownRegions = (
				en,
				Base,
			);
			mainGroup = 10443F681FFFB994000571B2;
			productRefGroup = 10443F721FFFB994000571B2 /* Products */;
			projectDirPath = "";
			projectRoot = "";
			targets = (
				10443F701FFFB994000571B2 /* RampUp */,
			);
		};
/* End PBXProject section */

/* Begin PBXResourcesBuildPhase section */
		10443F6F1FFFB994000571B2 /* Resources */ = {
			isa = PBXResourcesBuildPhase;
			buildActionMask = 2147483647;
			files = (
				10443F771FFFB994000571B2 /* art.scnassets in Resources */,
				10443F811FFFB994000571B2 /* LaunchScreen.storyboard in Resources */,
				10443F7E1FFFB994000571B2 /* Assets.xcassets in Resources */,
				10443F7C1FFFB994000571B2 /* Main.storyboard in Resources */,
			);
			runOnlyForDeploymentPostprocessing = 0;
		};
/* End PBXResourcesBuildPhase section */

/* Begin PBXSourcesBuildPhase section */
		10443F6D1FFFB994000571B2 /* Sources */ = {
			isa = PBXSourcesBuildPhase;
			buildActionMask = 2147483647;
			files = (
				10443F791FFFB994000571B2 /* RampPlacerVC.swift in Sources */,
				10443F8A1FFFC21C000571B2 /* RampPickerVC.swift in Sources */,
				10443F751FFFB994000571B2 /* AppDelegate.swift in Sources */,
			);
			runOnlyForDeploymentPostprocessing = 0;
		};
/* End PBXSourcesBuildPhase section */

/* Begin PBXVariantGroup section */
		10443F7A1FFFB994000571B2 /* Main.storyboard */ = {
			isa = PBXVariantGroup;
			children = (
				10443F7B1FFFB994000571B2 /* Base */,
			);
			name = Main.storyboard;
			sourceTree = "<group>";
		};
		10443F7F1FFFB994000571B2 /* LaunchScreen.storyboard */ = {
			isa = PBXVariantGroup;
			children = (
				10443F801FFFB994000571B2 /* Base */,
			);
			name = LaunchScreen.storyboard;
			sourceTree = "<group>";
		};
/* End PBXVariantGroup section */

/* Begin XCBuildConfiguration section */
		10443F831FFFB994000571B2 /* Debug */ = {
			isa = XCBuildConfiguration;
			buildSettings = {
				ALWAYS_SEARCH_USER_PATHS = NO;
				CLANG_ANALYZER_NONNULL = YES;
				CLANG_ANALYZER_NUMBER_OBJECT_CONVERSION = YES_AGGRESSIVE;
				CLANG_CXX_LANGUAGE_STANDARD = "gnu++14";
				CLANG_CXX_LIBRARY = "libc++";
				CLANG_ENABLE_MODULES = YES;
				CLANG_ENABLE_OBJC_ARC = YES;
				CLANG_WARN_BLOCK_CAPTURE_AUTORELEASING = YES;
				CLANG_WARN_BOOL_CONVERSION = YES;
				CLANG_WARN_COMMA = YES;
				CLANG_WARN_CONSTANT_CONVERSION = YES;
				CLANG_WARN_DIRECT_OBJC_ISA_USAGE = YES_ERROR;
				CLANG_WARN_DOCUMENTATION_COMMENTS = YES;
				CLANG_WARN_EMPTY_BODY = YES;
				CLANG_WARN_ENUM_CONVERSION = YES;
				CLANG_WARN_INFINITE_RECURSION = YES;
				CLANG_WARN_INT_CONVERSION = YES;
				CLANG_WARN_NON_LITERAL_NULL_CONVERSION = YES;
				CLANG_WARN_OBJC_LITERAL_CONVERSION = YES;
				CLANG_WARN_OBJC_ROOT_CLASS = YES_ERROR;
				CLANG_WARN_RANGE_LOOP_ANALYSIS = YES;
				CLANG_WARN_STRICT_PROTOTYPES = YES;
				CLANG_WARN_SUSPICIOUS_MOVE = YES;
				CLANG_WARN_UNGUARDED_AVAILABILITY = YES_AGGRESSIVE;
				CLANG_WARN_UNREACHABLE_CODE = YES;
				CLANG_WARN__DUPLICATE_METHOD_MATCH = YES;
				CODE_SIGN_IDENTITY = "iPhone Developer";
				COPY_PHASE_STRIP = NO;
				DEBUG_INFORMATION_FORMAT = dwarf;
				ENABLE_STRICT_OBJC_MSGSEND = YES;
				ENABLE_TESTABILITY = YES;
				GCC_C_LANGUAGE_STANDARD = gnu11;
				GCC_DYNAMIC_NO_PIC = NO;
				GCC_NO_COMMON_BLOCKS = YES;
				GCC_OPTIMIZATION_LEVEL = 0;
				GCC_PREPROCESSOR_DEFINITIONS = (
					"DEBUG=1",
					"$(inherited)",
				);
				GCC_WARN_64_TO_32_BIT_CONVERSION = YES;
				GCC_WARN_ABOUT_RETURN_TYPE = YES_ERROR;
				GCC_WARN_UNDECLARED_SELECTOR = YES;
				GCC_WARN_UNINITIALIZED_AUTOS = YES_AGGRESSIVE;
				GCC_WARN_UNUSED_FUNCTION = YES;
				GCC_WARN_UNUSED_VARIABLE = YES;
				IPHONEOS_DEPLOYMENT_TARGET = 11.2;
				MTL_ENABLE_DEBUG_INFO = YES;
				ONLY_ACTIVE_ARCH = YES;
				SDKROOT = iphoneos;
				SWIFT_ACTIVE_COMPILATION_CONDITIONS = DEBUG;
				SWIFT_OPTIMIZATION_LEVEL = "-Onone";
			};
			name = Debug;
		};
		10443F841FFFB994000571B2 /* Release */ = {
			isa = XCBuildConfiguration;
			buildSettings = {
				ALWAYS_SEARCH_USER_PATHS = NO;
				CLANG_ANALYZER_NONNULL = YES;
				CLANG_ANALYZER_NUMBER_OBJECT_CONVERSION = YES_AGGRESSIVE;
				CLANG_CXX_LANGUAGE_STANDARD = "gnu++14";
				CLANG_CXX_LIBRARY = "libc++";
				CLANG_ENABLE_MODULES = YES;
				CLANG_ENABLE_OBJC_ARC = YES;
				CLANG_WARN_BLOCK_CAPTURE_AUTORELEASING = YES;
				CLANG_WARN_BOOL_CONVERSION = YES;
				CLANG_WARN_COMMA = YES;
				CLANG_WARN_CONSTANT_CONVERSION = YES;
				CLANG_WARN_DIRECT_OBJC_ISA_USAGE = YES_ERROR;
				CLANG_WARN_DOCUMENTATION_COMMENTS = YES;
				CLANG_WARN_EMPTY_BODY = YES;
				CLANG_WARN_ENUM_CONVERSION = YES;
				CLANG_WARN_INFINITE_RECURSION = YES;
				CLANG_WARN_INT_CONVERSION = YES;
				CLANG_WARN_NON_LITERAL_NULL_CONVERSION = YES;
				CLANG_WARN_OBJC_LITERAL_CONVERSION = YES;
				CLANG_WARN_OBJC_ROOT_CLASS = YES_ERROR;
				CLANG_WARN_RANGE_LOOP_ANALYSIS = YES;
				CLANG_WARN_STRICT_PROTOTYPES = YES;
				CLANG_WARN_SUSPICIOUS_MOVE = YES;
				CLANG_WARN_UNGUARDED_AVAILABILITY = YES_AGGRESSIVE;
				CLANG_WARN_UNREACHABLE_CODE = YES;
				CLANG_WARN__DUPLICATE_METHOD_MATCH = YES;
				CODE_SIGN_IDENTITY = "iPhone Developer";
				COPY_PHASE_STRIP = NO;
				DEBUG_INFORMATION_FORMAT = "dwarf-with-dsym";
				ENABLE_NS_ASSERTIONS = NO;
				ENABLE_STRICT_OBJC_MSGSEND = YES;
				GCC_C_LANGUAGE_STANDARD = gnu11;
				GCC_NO_COMMON_BLOCKS = YES;
				GCC_WARN_64_TO_32_BIT_CONVERSION = YES;
				GCC_WARN_ABOUT_RETURN_TYPE = YES_ERROR;
				GCC_WARN_UNDECLARED_SELECTOR = YES;
				GCC_WARN_UNINITIALIZED_AUTOS = YES_AGGRESSIVE;
				GCC_WARN_UNUSED_FUNCTION = YES;
				GCC_WARN_UNUSED_VARIABLE = YES;
				IPHONEOS_DEPLOYMENT_TARGET = 11.2;
				MTL_ENABLE_DEBUG_INFO = NO;
				SDKROOT = iphoneos;
				SWIFT_OPTIMIZATION_LEVEL = "-Owholemodule";
				VALIDATE_PRODUCT = YES;
			};
			name = Release;
		};
		10443F861FFFB994000571B2 /* Debug */ = {
			isa = XCBuildConfiguration;
			buildSettings = {
				ASSETCATALOG_COMPILER_APPICON_NAME = AppIcon;
				CODE_SIGN_STYLE = Automatic;
				DEVELOPMENT_TEAM = M42D57N49Z;
				INFOPLIST_FILE = RampUp/Info.plist;
				LD_RUNPATH_SEARCH_PATHS = "$(inherited) @executable_path/Frameworks";
				PRODUCT_BUNDLE_IDENTIFIER = com.HaydenJamieson.RampUp;
				PRODUCT_NAME = "$(TARGET_NAME)";
				SWIFT_VERSION = 4.0;
				TARGETED_DEVICE_FAMILY = "1,2";
			};
			name = Debug;
		};
		10443F871FFFB994000571B2 /* Release */ = {
			isa = XCBuildConfiguration;
			buildSettings = {
				ASSETCATALOG_COMPILER_APPICON_NAME = AppIcon;
				CODE_SIGN_STYLE = Automatic;
				DEVELOPMENT_TEAM = M42D57N49Z;
				INFOPLIST_FILE = RampUp/Info.plist;
				LD_RUNPATH_SEARCH_PATHS = "$(inherited) @executable_path/Frameworks";
				PRODUCT_BUNDLE_IDENTIFIER = com.HaydenJamieson.RampUp;
				PRODUCT_NAME = "$(TARGET_NAME)";
				SWIFT_VERSION = 4.0;
				TARGETED_DEVICE_FAMILY = "1,2";
			};
			name = Release;
		};
/* End XCBuildConfiguration section */

/* Begin XCConfigurationList section */
		10443F6C1FFFB994000571B2 /* Build configuration list for PBXProject "RampUp" */ = {
			isa = XCConfigurationList;
			buildConfigurations = (
				10443F831FFFB994000571B2 /* Debug */,
				10443F841FFFB994000571B2 /* Release */,
			);
			defaultConfigurationIsVisible = 0;
			defaultConfigurationName = Release;
		};
		10443F851FFFB994000571B2 /* Build configuration list for PBXNativeTarget "RampUp" */ = {
			isa = XCConfigurationList;
			buildConfigurations = (
				10443F861FFFB994000571B2 /* Debug */,
				10443F871FFFB994000571B2 /* Release */,
			);
			defaultConfigurationIsVisible = 0;
			defaultConfigurationName = Release;
		};
/* End XCConfigurationList section */
	};
	rootObject = 10443F691FFFB994000571B2 /* Project object */;
}
